{
  "version": 4,
  "terraform_version": "1.10.1",
  "serial": 9,
  "lineage": "c56250aa-bff2-d032-9654-90fcc379cdf4",
  "outputs": {
    "eks_cluster_arn": {
      "value": "arn:aws:eks:us-east-2:108051779495:cluster/Floyo-dev",
      "type": "string"
    },
    "eks_cluster_name": {
      "value": "Floyo-dev",
      "type": "string"
    },
    "eks_cluster_role_arn": {
      "value": "arn:aws:iam::108051779495:role/Floyo-dev-role",
      "type": "string"
    },
    "eks_cluster_version": {
      "value": "1.31",
      "type": "string"
    }
  },
  "resources": [
    {
      "mode": "data",
      "type": "aws_subnets",
      "name": "default_vpc_subnets",
      "provider": "provider[\"registry.terraform.io/hashicorp/aws\"]",
      "instances": [
        {
          "schema_version": 0,
          "attributes": {
            "filter": [
              {
                "name": "vpc-id",
                "values": [
                  "vpc-03b2a69ee5e54e880"
                ]
              }
            ],
            "id": "us-east-2",
            "ids": [
              "subnet-09d0caedf450f675c",
              "subnet-0ff6caa14ec48adbc",
              "subnet-0597a4d6deabbe049"
            ],
            "tags": null,
            "timeouts": null
          },
          "sensitive_attributes": []
        }
      ]
    },
    {
      "mode": "data",
      "type": "aws_vpc",
      "name": "default",
      "provider": "provider[\"registry.terraform.io/hashicorp/aws\"]",
      "instances": [
        {
          "schema_version": 0,
          "attributes": {
            "arn": "arn:aws:ec2:us-east-2:108051779495:vpc/vpc-03b2a69ee5e54e880",
            "cidr_block": "172.31.0.0/16",
            "cidr_block_associations": [
              {
                "association_id": "vpc-cidr-assoc-0b757fe10dfa58659",
                "cidr_block": "172.31.0.0/16",
                "state": "associated"
              }
            ],
            "default": true,
            "dhcp_options_id": "dopt-074910cac43d01145",
            "enable_dns_hostnames": true,
            "enable_dns_support": true,
            "enable_network_address_usage_metrics": false,
            "filter": null,
            "id": "vpc-03b2a69ee5e54e880",
            "instance_tenancy": "default",
            "ipv6_association_id": "",
            "ipv6_cidr_block": "",
            "main_route_table_id": "rtb-0ae100b49c9778666",
            "owner_id": "108051779495",
            "state": null,
            "tags": {},
            "timeouts": null
          },
          "sensitive_attributes": []
        }
      ]
    },
    {
      "mode": "managed",
      "type": "aws_eks_cluster",
      "name": "eks_cluster",
      "provider": "provider[\"registry.terraform.io/hashicorp/aws\"]",
      "instances": [
        {
          "schema_version": 1,
          "attributes": {
            "access_config": [
              {
                "authentication_mode": "CONFIG_MAP",
                "bootstrap_cluster_creator_admin_permissions": true
              }
            ],
            "arn": "arn:aws:eks:us-east-2:108051779495:cluster/Floyo-dev",
            "bootstrap_self_managed_addons": true,
            "certificate_authority": [
              {
                "data": "LS0tLS1CRUdJTiBDRVJUSUZJQ0FURS0tLS0tCk1JSURCVENDQWUyZ0F3SUJBZ0lJTGhWdUpoMmhkWnN3RFFZSktvWklodmNOQVFFTEJRQXdGVEVUTUJFR0ExVUUKQXhNS2EzVmlaWEp1WlhSbGN6QWVGdzB5TkRFeU1qUXhNVE15TVROYUZ3MHpOREV5TWpJeE1UTTNNVE5hTUJVeApFekFSQmdOVkJBTVRDbXQxWW1WeWJtVjBaWE13Z2dFaU1BMEdDU3FHU0liM0RRRUJBUVVBQTRJQkR3QXdnZ0VLCkFvSUJBUURKcnJUcC9SVjN2ekoyQlo2ZUhBekJjNmxKbWNUOGE0WjkwOE8rN0lIcEljdzcxRDM5MUh5RUM0ODAKYW5lVUZrcDFYK3ppdjZUMnZjS0pwdU91ZUZyckViRERhRnhhVU5nWitFZjQ1SFNzd2Yyc2RjbGF3SXJ0Y1dGZgpuWTRkRTE2eTBPVHJoZ1c5MjlNRmN6NE0yQ0U5TjB6Z3d2bUJyNWpkaEtkM3JlVXd6Y0RwbkR3amhOeCtyYUIyCi9JK2JxT3lJdW05NHRhWm8xVy82YUlEaVJ0anVtQWtXYktEaDd2SkhqVW1PMHpkQyswRUNtZmpDbUVuV3ZGYTkKNkVoWUpSZkU1VnI4dUdWT3JORmRON29rZ2tlZER0Q25MV2NIWDZiWE1lTmcvV1QrRVBKS2lzS0lrdC9HTk5BWApoeFR4Y21JVCtsS0toS1FhSHdCOFVCNXlVNFRQQWdNQkFBR2pXVEJYTUE0R0ExVWREd0VCL3dRRUF3SUNwREFQCkJnTlZIUk1CQWY4RUJUQURBUUgvTUIwR0ExVWREZ1FXQkJTd2ZxckZTN2xJVjdSQ1lOTlh6ZWllc2d2RzF6QVYKQmdOVkhSRUVEakFNZ2dwcmRXSmxjbTVsZEdWek1BMEdDU3FHU0liM0RRRUJDd1VBQTRJQkFRQVJHZmZKNHBxYQpxM3hXWG9LL3FIbmIwdCtKTUQyUHZtMlpKcDZvd1pIY2dTeGhTNUR0SDZBVkc3a21uR0wzQzI1RG9zK1ZoNjJCCjEwVW9iZGxtTmlsa1RsNnJQd2ZON2cxclhjNjFTaStjOTNLYmkzWGNjRUoxNitJN3JLVWIrZnU5UUtRMUpESloKeVFhOS9zeUZxbFJoYkowRFg4TEVuUExDQ0ZuN1Exc3c0NHhzSGltZjRFZDJQVTNiUkVNWGl1eFZ2aFd0Z0dJRApsMmVlOCtNZFNrNG5qQTlUeEdmLzA3bzZGbVNTaW1sZ3pyaS93a3VGV2djdVo0dzNIa1FMbVZJL1Nydm1JT3JqClNQNG53NHJjbExjekgxSjFWMmZ2NWFZSFE2Ym5FaWFDZUhiMFV5aDRmNUtrSWUxVFIwUmZPZVM4RVEwaWgvbUsKRWxGTDVuYUpOQisrCi0tLS0tRU5EIENFUlRJRklDQVRFLS0tLS0K"
              }
            ],
            "cluster_id": null,
            "compute_config": [],
            "created_at": "2024-12-24T11:32:04Z",
            "enabled_cluster_log_types": null,
            "encryption_config": [],
            "endpoint": "https://09B2EEF3D31EC6BB093AADF60880DFAA.gr7.us-east-2.eks.amazonaws.com",
            "id": "Floyo-dev",
            "identity": [
              {
                "oidc": [
                  {
                    "issuer": "https://oidc.eks.us-east-2.amazonaws.com/id/09B2EEF3D31EC6BB093AADF60880DFAA"
                  }
                ]
              }
            ],
            "kubernetes_network_config": [
              {
                "elastic_load_balancing": [
                  {
                    "enabled": false
                  }
                ],
                "ip_family": "ipv4",
                "service_ipv4_cidr": "10.100.0.0/16",
                "service_ipv6_cidr": ""
              }
            ],
            "name": "Floyo-dev",
            "outpost_config": [],
            "platform_version": "eks.15",
            "remote_network_config": [],
            "role_arn": "arn:aws:iam::108051779495:role/Floyo-dev-role",
            "status": "ACTIVE",
            "storage_config": [],
            "tags": null,
            "tags_all": {},
            "timeouts": null,
            "upgrade_policy": [
              {
                "support_type": "EXTENDED"
              }
            ],
            "version": "1.31",
            "vpc_config": [
              {
                "cluster_security_group_id": "sg-0d5b9fc2656f0a504",
                "endpoint_private_access": false,
                "endpoint_public_access": true,
                "public_access_cidrs": [
                  "0.0.0.0/0"
                ],
                "security_group_ids": null,
                "subnet_ids": [
                  "subnet-0597a4d6deabbe049",
                  "subnet-09d0caedf450f675c",
                  "subnet-0ff6caa14ec48adbc"
                ],
                "vpc_id": "vpc-03b2a69ee5e54e880"
              }
            ],
            "zonal_shift_config": []
          },
          "sensitive_attributes": [],
          "private": "eyJlMmJmYjczMC1lY2FhLTExZTYtOGY4OC0zNDM2M2JjN2M0YzAiOnsiY3JlYXRlIjoxODAwMDAwMDAwMDAwLCJkZWxldGUiOjkwMDAwMDAwMDAwMCwidXBkYXRlIjozNjAwMDAwMDAwMDAwfSwic2NoZW1hX3ZlcnNpb24iOiIxIn0=",
          "dependencies": [
            "aws_iam_role.eks_cluster_role",
            "aws_iam_role_policy_attachment.eks_cluster_AmazonEKSClusterPolicy",
            "aws_iam_role_policy_attachment.eks_cluster_AmazonEKSVPCResourceController",
            "data.aws_subnets.default_vpc_subnets",
            "data.aws_vpc.default"
          ]
        }
      ]
    },
    {
      "mode": "managed",
      "type": "aws_eks_node_group",
      "name": "node-ec2",
      "provider": "provider[\"registry.terraform.io/hashicorp/aws\"]",
      "instances": [
        {
          "schema_version": 0,
          "attributes": {
            "ami_type": "AL2_x86_64",
            "arn": "arn:aws:eks:us-east-2:108051779495:nodegroup/Floyo-dev/Floyo-ng/cac9fc3c-4b52-6935-a394-aa304fa446a8",
            "capacity_type": "ON_DEMAND",
            "cluster_name": "Floyo-dev",
            "disk_size": 20,
            "force_update_version": null,
            "id": "Floyo-dev:Floyo-ng",
            "instance_types": [
              "t2.micro"
            ],
            "labels": null,
            "launch_template": [],
            "node_group_name": "Floyo-ng",
            "node_group_name_prefix": "",
            "node_role_arn": "arn:aws:iam::108051779495:role/EKSNodeGroupRole",
            "release_version": "1.31.3-20241213",
            "remote_access": [],
            "resources": [
              {
                "autoscaling_groups": [
                  {
                    "name": "eks-Floyo-ng-cac9fc3c-4b52-6935-a394-aa304fa446a8"
                  }
                ],
                "remote_access_security_group_id": ""
              }
            ],
            "scaling_config": [
              {
                "desired_size": 2,
                "max_size": 3,
                "min_size": 1
              }
            ],
            "status": "ACTIVE",
            "subnet_ids": [
              "subnet-0597a4d6deabbe049",
              "subnet-09d0caedf450f675c",
              "subnet-0ff6caa14ec48adbc"
            ],
            "tags": {
              "Environment": "dev",
              "Name": "Floyo-ng"
            },
            "tags_all": {
              "Environment": "dev",
              "Name": "Floyo-ng"
            },
            "taint": [],
            "timeouts": null,
            "update_config": [
              {
                "max_unavailable": 1,
                "max_unavailable_percentage": 0
              }
            ],
            "version": "1.31"
          },
          "sensitive_attributes": [],
          "private": "eyJlMmJmYjczMC1lY2FhLTExZTYtOGY4OC0zNDM2M2JjN2M0YzAiOnsiY3JlYXRlIjozNjAwMDAwMDAwMDAwLCJkZWxldGUiOjM2MDAwMDAwMDAwMDAsInVwZGF0ZSI6MzYwMDAwMDAwMDAwMH19",
          "dependencies": [
            "aws_eks_cluster.eks_cluster",
            "aws_iam_role.NodeGroupRole",
            "aws_iam_role.eks_cluster_role",
            "aws_iam_role_policy_attachment.AmazonEC2ContainerRegistryReadOnly",
            "aws_iam_role_policy_attachment.AmazonEKSWorkerNodePolicy",
            "aws_iam_role_policy_attachment.AmazonEKS_CNI_Policy",
            "aws_iam_role_policy_attachment.eks_cluster_AmazonEKSClusterPolicy",
            "aws_iam_role_policy_attachment.eks_cluster_AmazonEKSVPCResourceController",
            "data.aws_subnets.default_vpc_subnets",
            "data.aws_vpc.default"
          ]
        }
      ]
    },
    {
      "mode": "managed",
      "type": "aws_iam_role",
      "name": "NodeGroupRole",
      "provider": "provider[\"registry.terraform.io/hashicorp/aws\"]",
      "instances": [
        {
          "schema_version": 0,
          "attributes": {
            "arn": "arn:aws:iam::108051779495:role/EKSNodeGroupRole",
            "assume_role_policy": "{\"Statement\":[{\"Action\":\"sts:AssumeRole\",\"Effect\":\"Allow\",\"Principal\":{\"Service\":\"ec2.amazonaws.com\"}}],\"Version\":\"2012-10-17\"}",
            "create_date": "2024-12-24T11:31:49Z",
            "description": "",
            "force_detach_policies": false,
            "id": "EKSNodeGroupRole",
            "inline_policy": [],
            "managed_policy_arns": [],
            "max_session_duration": 3600,
            "name": "EKSNodeGroupRole",
            "name_prefix": "",
            "path": "/",
            "permissions_boundary": "",
            "tags": null,
            "tags_all": {},
            "unique_id": "AROARSKDDJ6T2GFXVSUZK"
          },
          "sensitive_attributes": [],
          "private": "bnVsbA=="
        }
      ]
    },
    {
      "mode": "managed",
      "type": "aws_iam_role",
      "name": "eks_cluster_role",
      "provider": "provider[\"registry.terraform.io/hashicorp/aws\"]",
      "instances": [
        {
          "schema_version": 0,
          "attributes": {
            "arn": "arn:aws:iam::108051779495:role/Floyo-dev-role",
            "assume_role_policy": "{\"Statement\":[{\"Action\":\"sts:AssumeRole\",\"Effect\":\"Allow\",\"Principal\":{\"Service\":\"eks.amazonaws.com\"}}],\"Version\":\"2012-10-17\"}",
            "create_date": "2024-12-24T11:31:49Z",
            "description": "",
            "force_detach_policies": false,
            "id": "Floyo-dev-role",
            "inline_policy": [],
            "managed_policy_arns": [],
            "max_session_duration": 3600,
            "name": "Floyo-dev-role",
            "name_prefix": "",
            "path": "/",
            "permissions_boundary": "",
            "tags": null,
            "tags_all": {},
            "unique_id": "AROARSKDDJ6T4SNUI6UKD"
          },
          "sensitive_attributes": [],
          "private": "bnVsbA=="
        }
      ]
    },
    {
      "mode": "managed",
      "type": "aws_iam_role_policy_attachment",
      "name": "AmazonEC2ContainerRegistryReadOnly",
      "provider": "provider[\"registry.terraform.io/hashicorp/aws\"]",
      "instances": [
        {
          "schema_version": 0,
          "attributes": {
            "id": "EKSNodeGroupRole-20241224113151471800000003",
            "policy_arn": "arn:aws:iam::aws:policy/AmazonEC2ContainerRegistryReadOnly",
            "role": "EKSNodeGroupRole"
          },
          "sensitive_attributes": [],
          "private": "bnVsbA==",
          "dependencies": [
            "aws_iam_role.NodeGroupRole"
          ]
        }
      ]
    },
    {
      "mode": "managed",
      "type": "aws_iam_role_policy_attachment",
      "name": "AmazonEKSWorkerNodePolicy",
      "provider": "provider[\"registry.terraform.io/hashicorp/aws\"]",
      "instances": [
        {
          "schema_version": 0,
          "attributes": {
            "id": "EKSNodeGroupRole-20241224113151471900000004",
            "policy_arn": "arn:aws:iam::aws:policy/AmazonEKSWorkerNodePolicy",
            "role": "EKSNodeGroupRole"
          },
          "sensitive_attributes": [],
          "private": "bnVsbA==",
          "dependencies": [
            "aws_iam_role.NodeGroupRole"
          ]
        }
      ]
    },
    {
      "mode": "managed",
      "type": "aws_iam_role_policy_attachment",
      "name": "AmazonEKS_CNI_Policy",
      "provider": "provider[\"registry.terraform.io/hashicorp/aws\"]",
      "instances": [
        {
          "schema_version": 0,
          "attributes": {
            "id": "EKSNodeGroupRole-20241224113151881600000005",
            "policy_arn": "arn:aws:iam::aws:policy/AmazonEKS_CNI_Policy",
            "role": "EKSNodeGroupRole"
          },
          "sensitive_attributes": [],
          "private": "bnVsbA==",
          "dependencies": [
            "aws_iam_role.NodeGroupRole"
          ]
        }
      ]
    },
    {
      "mode": "managed",
      "type": "aws_iam_role_policy_attachment",
      "name": "eks_cluster_AmazonEKSClusterPolicy",
      "provider": "provider[\"registry.terraform.io/hashicorp/aws\"]",
      "instances": [
        {
          "schema_version": 0,
          "attributes": {
            "id": "Floyo-dev-role-20241224113151049000000001",
            "policy_arn": "arn:aws:iam::aws:policy/AmazonEKSClusterPolicy",
            "role": "Floyo-dev-role"
          },
          "sensitive_attributes": [],
          "private": "bnVsbA==",
          "dependencies": [
            "aws_iam_role.eks_cluster_role"
          ]
        }
      ]
    },
    {
      "mode": "managed",
      "type": "aws_iam_role_policy_attachment",
      "name": "eks_cluster_AmazonEKSVPCResourceController",
      "provider": "provider[\"registry.terraform.io/hashicorp/aws\"]",
      "instances": [
        {
          "schema_version": 0,
          "attributes": {
            "id": "Floyo-dev-role-20241224113151049000000002",
            "policy_arn": "arn:aws:iam::aws:policy/AmazonEKSVPCResourceController",
            "role": "Floyo-dev-role"
          },
          "sensitive_attributes": [],
          "private": "bnVsbA==",
          "dependencies": [
            "aws_iam_role.eks_cluster_role"
          ]
        }
      ]
    }
  ],
  "check_results": null
}
